
Microsoft Visual Studio Solution File, Format Version 12.00
# Visual Studio Version 17
VisualStudioVersion = 17.4.33027.239
MinimumVisualStudioVersion = 10.0.40219.1
Project("{FAE04EC0-301F-11D3-BF4B-00C04F79EFBC}") = "ConsoleApp3", "ConsoleApp3\ConsoleApp3.csproj", "{C2F45E40-07EE-4BF0-B331-0DB56DA0F1BA}"
EndProject
Project("{FAE04EC0-301F-11D3-BF4B-00C04F79EFBC}") = "TestProject", "TestProject\TestProject.csproj", "{CCC529BE-9E41-4A5F-AF8B-2BF02FE732D6}"
EndProject
Global
	GlobalSection(SolutionConfigurationPlatforms) = preSolution
		Debug|Any CPU = Debug|Any CPU
		Release|Any CPU = Release|Any CPU
	EndGlobalSection
	GlobalSection(ProjectConfigurationPlatforms) = postSolution
		{C2F45E40-07EE-4BF0-B331-0DB56DA0F1BA}.Debug|Any CPU.ActiveCfg = Debug|Any CPU
		{C2F45E40-07EE-4BF0-B331-0DB56DA0F1BA}.Debug|Any CPU.Build.0 = Debug|Any CPU
		{C2F45E40-07EE-4BF0-B331-0DB56DA0F1BA}.Release|Any CPU.ActiveCfg = Release|Any CPU
		{C2F45E40-07EE-4BF0-B331-0DB56DA0F1BA}.Release|Any CPU.Build.0 = Release|Any CPU
		{CCC529BE-9E41-4A5F-AF8B-2BF02FE732D6}.Debug|Any CPU.ActiveCfg = Debug|Any CPU
		{CCC529BE-9E41-4A5F-AF8B-2BF02FE732D6}.Debug|Any CPU.Build.0 = Debug|Any CPU
		{CCC529BE-9E41-4A5F-AF8B-2BF02FE732D6}.Release|Any CPU.ActiveCfg = Release|Any CPU
		{CCC529BE-9E41-4A5F-AF8B-2BF02FE732D6}.Release|Any CPU.Build.0 = Release|Any CPU
	EndGlobalSection
	GlobalSection(SolutionProperties) = preSolution
		HideSolutionNode = FALSE
	EndGlobalSection
	GlobalSection(ExtensibilityGlobals) = postSolution
		SolutionGuid = {60649EB3-1E1E-43A3-887B-3747F9778F77}
	EndGlobalSection
EndGlobal
